{
  "name": "package",
  "version": "1.0.0",
  "lockfileVersion": 2,
  "requires": true,
  "packages": {
    "": {
      "name": "package",
      "version": "1.0.0",
      "license": "ISC",
      "dependencies": {
        "convert-rupiah": "^1.0.0"
      }
    },
    "node_modules/convert-rupiah": {
      "version": "1.0.0",
      "resolved": "https://registry.npmjs.org/convert-rupiah/-/convert-rupiah-1.0.0.tgz",
      "integrity": "sha512-Dq275cUu9S62TUtFJsbHG2NDH3YZvWMNiZQC69tqbRFx/q0swn5tYKDUKeo6KPgdOhuNJ7iFVTjtYZAanaPEdw=="
    }
  },
  "dependencies": {
    "convert-rupiah": {
      "version": "1.0.0",
      "resolved": "https://registry.npmjs.org/convert-rupiah/-/convert-rupiah-1.0.0.tgz",
      "integrity": "sha512-Dq275cUu9S62TUtFJsbHG2NDH3YZvWMNiZQC69tqbRFx/q0swn5tYKDUKeo6KPgdOhuNJ7iFVTjtYZAanaPEdw=="
    }
  }
}
